{
    "name": "navon-tech-platform",
    "version": "1.0.0",
    "lockfileVersion": 3,
    "requires": true,
    "packages": {
        "": {
            "name": "navon-tech-platform",
            "version": "1.0.0"
        },
        "backend": {
            "name": "tech-company-backend",
            "version": "1.0.0",
            "extraneous": true,
            "dependencies": {
                "@aws-sdk/client-dynamodb": "^3.490.0",
                "@aws-sdk/client-s3": "^3.490.0",
                "@aws-sdk/lib-dynamodb": "^3.490.0",
                "uuid": "^9.0.0"
            },
            "devDependencies": {
                "eslint": "^8.50.0",
                "jest": "^29.7.0"
            },
            "engines": {
                "node": ">=20.0.0"
            }
        },
        "frontend": {
            "name": "navon-tech-frontend",
            "version": "1.0.0",
            "extraneous": true,
            "dependencies": {
                "react": "^18.2.0",
                "react-dom": "^18.2.0",
                "react-router-dom": "^6.20.0"
            },
            "devDependencies": {
                "@vitejs/plugin-react": "^4.2.1",
                "vite": "^5.0.8"
            }
        }
    }
}
